{
  "nodes": {
    "jovian-nvim": {
      "flake": false,
      "locked": {
        "lastModified": 1765260916,
        "narHash": "sha256-SPxSQXKTZSRs7439r3SJvTrDfY8fRNP9Ci9A/3Mxw6o=",
        "path": "/home/user/Code/jovian.nvim",
        "type": "path"
      },
      "original": {
        "path": "/home/user/Code/jovian.nvim",
        "type": "path"
      }
    },
    "jupytext-nvim": {
      "flake": false,
      "locked": {
        "lastModified": 1712342824,
        "narHash": "sha256-LBBRZOSqn70qruSA/vbPMTzS7y05F/z4EqC+5JlU6NM=",
        "owner": "GCBallesteros",
        "repo": "jupytext.nvim",
        "rev": "c8baf3ad344c59b3abd461ecc17fc16ec44d0f7b",
        "type": "github"
      },
      "original": {
        "owner": "GCBallesteros",
        "repo": "jupytext.nvim",
        "type": "github"
      }
    },
    "nixCats": {
      "locked": {
        "lastModified": 1764009888,
        "narHash": "sha256-hJekfTiW1792txgRSM4LcHnz1lDSY87LYbsJEn2V378=",
        "owner": "BirdeeHub",
        "repo": "nixCats-nvim",
        "rev": "16ac3281f322ea15d39843829e42a44d22da3715",
        "type": "github"
      },
      "original": {
        "owner": "BirdeeHub",
        "repo": "nixCats-nvim",
        "type": "github"
      }
    },
    "nixpkgs": {
      "locked": {
        "lastModified": 1764947035,
        "narHash": "sha256-EYHSjVM4Ox4lvCXUMiKKs2vETUSL5mx+J2FfutM7T9w=",
        "owner": "nixos",
        "repo": "nixpkgs",
        "rev": "a672be65651c80d3f592a89b3945466584a22069",
        "type": "github"
      },
      "original": {
        "owner": "nixos",
        "ref": "nixpkgs-unstable",
        "repo": "nixpkgs",
        "type": "github"
      }
    },
    "nvim-treesitter": {
      "flake": false,
      "locked": {
        "lastModified": 1765201679,
        "narHash": "sha256-nAwGkv8mthc2DPl3eLxesGlTZv64JCWlKlVJFWFo/rw=",
        "ref": "main",
        "rev": "f47f549f74cea5d5f25a5205c9e127cd882f1d20",
        "revCount": 6256,
        "type": "git",
        "url": "https://github.com/nvim-treesitter/nvim-treesitter"
      },
      "original": {
        "ref": "main",
        "type": "git",
        "url": "https://github.com/nvim-treesitter/nvim-treesitter"
      }
    },
    "nvim-treesitter-textobjects": {
      "flake": false,
      "locked": {
        "lastModified": 1765057291,
        "narHash": "sha256-k4U3MGs01DBeb1NZDF3C8uerRAo4o+CZMhy5v3Ub1BU=",
        "ref": "main",
        "rev": "76deedf0f1cec4496ef8d49b6d1f020f6d0c6ec9",
        "revCount": 686,
        "type": "git",
        "url": "https://github.com/nvim-treesitter/nvim-treesitter-textobjects"
      },
      "original": {
        "ref": "main",
        "type": "git",
        "url": "https://github.com/nvim-treesitter/nvim-treesitter-textobjects"
      }
    },
    "root": {
      "inputs": {
        "jovian-nvim": "jovian-nvim",
        "jupytext-nvim": "jupytext-nvim",
        "nixCats": "nixCats",
        "nixpkgs": "nixpkgs",
        "nvim-treesitter": "nvim-treesitter",
        "nvim-treesitter-textobjects": "nvim-treesitter-textobjects"
      }
    }
  },
  "root": "root",
  "version": 7
}
