{
  "nodes": {
    "nixCats": {
      "locked": {
        "lastModified": 1762227818,
        "narHash": "sha256-GSnU4XJucZojGVBGY7djqsT37P9YViCMTVw58tsqrOs=",
        "owner": "BirdeeHub",
        "repo": "nixCats-nvim",
        "rev": "fa7991a4fa7d7227486910ce6724215b88eb8296",
        "type": "github"
      },
      "original": {
        "owner": "BirdeeHub",
        "repo": "nixCats-nvim",
        "type": "github"
      }
    },
    "nixpkgs": {
      "locked": {
        "lastModified": 1762482733,
        "narHash": "sha256-g/da4FzvckvbiZT075Sb1/YDNDr+tGQgh4N8i5ceYMg=",
        "owner": "nixos",
        "repo": "nixpkgs",
        "rev": "e1ebeec86b771e9d387dd02d82ffdc77ac753abc",
        "type": "github"
      },
      "original": {
        "owner": "nixos",
        "ref": "nixpkgs-unstable",
        "repo": "nixpkgs",
        "type": "github"
      }
    },
    "root": {
      "inputs": {
        "nixCats": "nixCats",
        "nixpkgs": "nixpkgs",
        "vim-jukit": "vim-jukit"
      }
    },
    "vim-jukit": {
      "flake": false,
      "locked": {
        "lastModified": 1697989051,
        "narHash": "sha256-wWpa08WG0CGQiI3G7g6k2ruSnyAXxmRJ1OW26oyoBgE=",
        "owner": "luk400",
        "repo": "vim-jukit",
        "rev": "73214c9a8abc4b6aa7a6266b5bc2ddbf8b3e3c00",
        "type": "github"
      },
      "original": {
        "owner": "luk400",
        "repo": "vim-jukit",
        "type": "github"
      }
    }
  },
  "root": "root",
  "version": 7
}
